
Microsoft Visual Studio Solution File, Format Version 12.00
# Visual Studio Version 17
VisualStudioVersion = 17.11.34909.67
MinimumVisualStudioVersion = 10.0.40219.1
Project("{9A19103F-16F7-4668-BE54-9A1E7A4F7556}") = "Program1", "Program1\Program1.csproj", "{511A6C0A-635F-4427-AB84-70E712C562F0}"
EndProject
Project("{FAE04EC0-301F-11D3-BF4B-00C04F79EFBC}") = "Program2", "Program2\Program2.csproj", "{48468A3C-FC5B-471A-AAF1-802DB97D7582}"
EndProject
Project("{FAE04EC0-301F-11D3-BF4B-00C04F79EFBC}") = "Program3", "Program3\Program3.csproj", "{E56AC615-F5D5-47FA-9207-5AAAD8D2CF66}"
EndProject
Global
	GlobalSection(SolutionConfigurationPlatforms) = preSolution
		Debug|Any CPU = Debug|Any CPU
		Release|Any CPU = Release|Any CPU
	EndGlobalSection
	GlobalSection(ProjectConfigurationPlatforms) = postSolution
		{511A6C0A-635F-4427-AB84-70E712C562F0}.Debug|Any CPU.ActiveCfg = Debug|Any CPU
		{511A6C0A-635F-4427-AB84-70E712C562F0}.Debug|Any CPU.Build.0 = Debug|Any CPU
		{511A6C0A-635F-4427-AB84-70E712C562F0}.Release|Any CPU.ActiveCfg = Release|Any CPU
		{511A6C0A-635F-4427-AB84-70E712C562F0}.Release|Any CPU.Build.0 = Release|Any CPU
		{48468A3C-FC5B-471A-AAF1-802DB97D7582}.Debug|Any CPU.ActiveCfg = Debug|Any CPU
		{48468A3C-FC5B-471A-AAF1-802DB97D7582}.Debug|Any CPU.Build.0 = Debug|Any CPU
		{48468A3C-FC5B-471A-AAF1-802DB97D7582}.Release|Any CPU.ActiveCfg = Release|Any CPU
		{48468A3C-FC5B-471A-AAF1-802DB97D7582}.Release|Any CPU.Build.0 = Release|Any CPU
		{E56AC615-F5D5-47FA-9207-5AAAD8D2CF66}.Debug|Any CPU.ActiveCfg = Debug|Any CPU
		{E56AC615-F5D5-47FA-9207-5AAAD8D2CF66}.Debug|Any CPU.Build.0 = Debug|Any CPU
		{E56AC615-F5D5-47FA-9207-5AAAD8D2CF66}.Release|Any CPU.ActiveCfg = Release|Any CPU
		{E56AC615-F5D5-47FA-9207-5AAAD8D2CF66}.Release|Any CPU.Build.0 = Release|Any CPU
	EndGlobalSection
	GlobalSection(SolutionProperties) = preSolution
		HideSolutionNode = FALSE
	EndGlobalSection
	GlobalSection(ExtensibilityGlobals) = postSolution
		SolutionGuid = {4CC754C4-4562-4A4E-BC1B-D5EDB2F85D8B}
	EndGlobalSection
EndGlobal
